
Microsoft Visual Studio Solution File, Format Version 12.00
# Visual Studio Version 16
VisualStudioVersion = 16.0.31005.135
MinimumVisualStudioVersion = 10.0.40219.1
Project("{FAE04EC0-301F-11D3-BF4B-00C04F79EFBC}") = "UsainBot", "UsainBot\UsainBot.csproj", "{E81BE2B0-DB13-402C-AC9E-C65B753B9AFA}"
EndProject
Global
	GlobalSection(SolutionConfigurationPlatforms) = preSolution
		Debug|Any CPU = Debug|Any CPU
		Release|Any CPU = Release|Any CPU
	EndGlobalSection
	GlobalSection(ProjectConfigurationPlatforms) = postSolution
		{E81BE2B0-DB13-402C-AC9E-C65B753B9AFA}.Debug|Any CPU.ActiveCfg = Debug|Any CPU
		{E81BE2B0-DB13-402C-AC9E-C65B753B9AFA}.Debug|Any CPU.Build.0 = Debug|Any CPU
		{E81BE2B0-DB13-402C-AC9E-C65B753B9AFA}.Release|Any CPU.ActiveCfg = Release|Any CPU
		{E81BE2B0-DB13-402C-AC9E-C65B753B9AFA}.Release|Any CPU.Build.0 = Release|Any CPU
	EndGlobalSection
	GlobalSection(SolutionProperties) = preSolution
		HideSolutionNode = FALSE
	EndGlobalSection
	GlobalSection(ExtensibilityGlobals) = postSolution
		SolutionGuid = {00B3567C-916E-43EA-869B-13322D600AF0}
	EndGlobalSection
EndGlobal
